// !$*UTF8*$!
{
	archiveVersion = 1;
	classes = {
	};
	objectVersion = 77;
	objects = {

/* Begin PBXBuildFile section */
		EF7D3C6B2D2BCDF2005B5C0D /* WidgetKit.framework in Frameworks */ = {isa = PBXBuildFile; fileRef = EF7D3C6A2D2BCDF2005B5C0D /* WidgetKit.framework */; };
		EF7D3C6D2D2BCDF2005B5C0D /* SwiftUI.framework in Frameworks */ = {isa = PBXBuildFile; fileRef = EF7D3C6C2D2BCDF2005B5C0D /* SwiftUI.framework */; };
		EF7D3C7E2D2BCDF4005B5C0D /* TidyWidgetExtensionExtension.appex in Embed Foundation Extensions */ = {isa = PBXBuildFile; fileRef = EF7D3C682D2BCDF2005B5C0D /* TidyWidgetExtensionExtension.appex */; settings = {ATTRIBUTES = (RemoveHeadersOnCopy, ); }; };
		EF7D3C972D2BCFE3005B5C0D /* SharedKit.framework in Frameworks */ = {isa = PBXBuildFile; fileRef = EF7D3C8D2D2BCFE3005B5C0D /* SharedKit.framework */; };
		EF7D3CA22D2BCFE3005B5C0D /* SharedKit.framework in Frameworks */ = {isa = PBXBuildFile; fileRef = EF7D3C8D2D2BCFE3005B5C0D /* SharedKit.framework */; };
		EF7D3CA32D2BCFE3005B5C0D /* SharedKit.framework in Embed Frameworks */ = {isa = PBXBuildFile; fileRef = EF7D3C8D2D2BCFE3005B5C0D /* SharedKit.framework */; settings = {ATTRIBUTES = (CodeSignOnCopy, RemoveHeadersOnCopy, ); }; };
/* End PBXBuildFile section */

/* Begin PBXContainerItemProxy section */
		EF7D3C7C2D2BCDF4005B5C0D /* PBXContainerItemProxy */ = {
			isa = PBXContainerItemProxy;
			containerPortal = EF99140D2D1BD72A00F26AA2 /* Project object */;
			proxyType = 1;
			remoteGlobalIDString = EF7D3C672D2BCDF2005B5C0D;
			remoteInfo = TidyWidgetExtensionExtension;
		};
		EF7D3C982D2BCFE3005B5C0D /* PBXContainerItemProxy */ = {
			isa = PBXContainerItemProxy;
			containerPortal = EF99140D2D1BD72A00F26AA2 /* Project object */;
			proxyType = 1;
			remoteGlobalIDString = EF7D3C8C2D2BCFE3005B5C0D;
			remoteInfo = SharedKit;
		};
		EF7D3C9A2D2BCFE3005B5C0D /* PBXContainerItemProxy */ = {
			isa = PBXContainerItemProxy;
			containerPortal = EF99140D2D1BD72A00F26AA2 /* Project object */;
			proxyType = 1;
			remoteGlobalIDString = EF9914142D1BD72A00F26AA2;
			remoteInfo = TidyWidget;
		};
		EF7D3CA02D2BCFE3005B5C0D /* PBXContainerItemProxy */ = {
			isa = PBXContainerItemProxy;
			containerPortal = EF99140D2D1BD72A00F26AA2 /* Project object */;
			proxyType = 1;
			remoteGlobalIDString = EF7D3C8C2D2BCFE3005B5C0D;
			remoteInfo = SharedKit;
		};
		EF9914262D1BD72C00F26AA2 /* PBXContainerItemProxy */ = {
			isa = PBXContainerItemProxy;
			containerPortal = EF99140D2D1BD72A00F26AA2 /* Project object */;
			proxyType = 1;
			remoteGlobalIDString = EF9914142D1BD72A00F26AA2;
			remoteInfo = TidyWidget;
		};
		EF9914302D1BD72C00F26AA2 /* PBXContainerItemProxy */ = {
			isa = PBXContainerItemProxy;
			containerPortal = EF99140D2D1BD72A00F26AA2 /* Project object */;
			proxyType = 1;
			remoteGlobalIDString = EF9914142D1BD72A00F26AA2;
			remoteInfo = TidyWidget;
		};
/* End PBXContainerItemProxy section */

/* Begin PBXCopyFilesBuildPhase section */
		EF7D3C832D2BCDF4005B5C0D /* Embed Foundation Extensions */ = {
			isa = PBXCopyFilesBuildPhase;
			buildActionMask = 2147483647;
			dstPath = "";
			dstSubfolderSpec = 13;
			files = (
				EF7D3C7E2D2BCDF4005B5C0D /* TidyWidgetExtensionExtension.appex in Embed Foundation Extensions */,
			);
			name = "Embed Foundation Extensions";
			runOnlyForDeploymentPostprocessing = 0;
		};
		EF7D3CA82D2BCFE3005B5C0D /* Embed Frameworks */ = {
			isa = PBXCopyFilesBuildPhase;
			buildActionMask = 2147483647;
			dstPath = "";
			dstSubfolderSpec = 10;
			files = (
				EF7D3CA32D2BCFE3005B5C0D /* SharedKit.framework in Embed Frameworks */,
			);
			name = "Embed Frameworks";
			runOnlyForDeploymentPostprocessing = 0;
		};
/* End PBXCopyFilesBuildPhase section */

/* Begin PBXFileReference section */
		EF7D3C622D2BCD1E005B5C0D /* DeamWidgetData.swift */ = {isa = PBXFileReference; lastKnownFileType = sourcecode.swift; path = DeamWidgetData.swift; sourceTree = "<group>"; };
		EF7D3C632D2BCD3D005B5C0D /* DreamStore.swift */ = {isa = PBXFileReference; lastKnownFileType = sourcecode.swift; path = DreamStore.swift; sourceTree = "<group>"; };
		EF7D3C682D2BCDF2005B5C0D /* TidyWidgetExtensionExtension.appex */ = {isa = PBXFileReference; explicitFileType = "wrapper.app-extension"; includeInIndex = 0; path = TidyWidgetExtensionExtension.appex; sourceTree = BUILT_PRODUCTS_DIR; };
		EF7D3C6A2D2BCDF2005B5C0D /* WidgetKit.framework */ = {isa = PBXFileReference; lastKnownFileType = wrapper.framework; name = WidgetKit.framework; path = System/Library/Frameworks/WidgetKit.framework; sourceTree = SDKROOT; };
		EF7D3C6C2D2BCDF2005B5C0D /* SwiftUI.framework */ = {isa = PBXFileReference; lastKnownFileType = wrapper.framework; name = SwiftUI.framework; path = System/Library/Frameworks/SwiftUI.framework; sourceTree = SDKROOT; };
		EF7D3C8D2D2BCFE3005B5C0D /* SharedKit.framework */ = {isa = PBXFileReference; explicitFileType = wrapper.framework; includeInIndex = 0; path = SharedKit.framework; sourceTree = BUILT_PRODUCTS_DIR; };
		EF7D3C962D2BCFE3005B5C0D /* SharedKitTests.xctest */ = {isa = PBXFileReference; explicitFileType = wrapper.cfbundle; includeInIndex = 0; path = SharedKitTests.xctest; sourceTree = BUILT_PRODUCTS_DIR; };
		EF9914152D1BD72A00F26AA2 /* TidyWidget.app */ = {isa = PBXFileReference; explicitFileType = wrapper.application; includeInIndex = 0; path = TidyWidget.app; sourceTree = BUILT_PRODUCTS_DIR; };
		EF9914252D1BD72C00F26AA2 /* TidyWidgetTests.xctest */ = {isa = PBXFileReference; explicitFileType = wrapper.cfbundle; includeInIndex = 0; path = TidyWidgetTests.xctest; sourceTree = BUILT_PRODUCTS_DIR; };
		EF99142F2D1BD72C00F26AA2 /* TidyWidgetUITests.xctest */ = {isa = PBXFileReference; explicitFileType = wrapper.cfbundle; includeInIndex = 0; path = TidyWidgetUITests.xctest; sourceTree = BUILT_PRODUCTS_DIR; };
/* End PBXFileReference section */

/* Begin PBXFileSystemSynchronizedBuildFileExceptionSet section */
		EF7D3C7F2D2BCDF4005B5C0D /* Exceptions for "TidyWidgetExtension" folder in "TidyWidgetExtensionExtension" target */ = {
			isa = PBXFileSystemSynchronizedBuildFileExceptionSet;
			membershipExceptions = (
				Info.plist,
			);
			target = EF7D3C672D2BCDF2005B5C0D /* TidyWidgetExtensionExtension */;
		};
		EF7D3CA42D2BCFE3005B5C0D /* Exceptions for "SharedKit" folder in "SharedKit" target */ = {
			isa = PBXFileSystemSynchronizedBuildFileExceptionSet;
			publicHeaders = (
				SharedKit.h,
			);
			target = EF7D3C8C2D2BCFE3005B5C0D /* SharedKit */;
		};
/* End PBXFileSystemSynchronizedBuildFileExceptionSet section */

/* Begin PBXFileSystemSynchronizedRootGroup section */
		EF7D3C6E2D2BCDF2005B5C0D /* TidyWidgetExtension */ = {
			isa = PBXFileSystemSynchronizedRootGroup;
			exceptions = (
				EF7D3C7F2D2BCDF4005B5C0D /* Exceptions for "TidyWidgetExtension" folder in "TidyWidgetExtensionExtension" target */,
			);
			path = TidyWidgetExtension;
			sourceTree = "<group>";
		};
		EF7D3C8E2D2BCFE3005B5C0D /* SharedKit */ = {
			isa = PBXFileSystemSynchronizedRootGroup;
			exceptions = (
				EF7D3CA42D2BCFE3005B5C0D /* Exceptions for "SharedKit" folder in "SharedKit" target */,
			);
			path = SharedKit;
			sourceTree = "<group>";
		};
		EF7D3C9C2D2BCFE3005B5C0D /* SharedKitTests */ = {
			isa = PBXFileSystemSynchronizedRootGroup;
			path = SharedKitTests;
			sourceTree = "<group>";
		};
		EF9914172D1BD72A00F26AA2 /* TidyWidget */ = {
			isa = PBXFileSystemSynchronizedRootGroup;
			path = TidyWidget;
			sourceTree = "<group>";
		};
		EF9914282D1BD72C00F26AA2 /* TidyWidgetTests */ = {
			isa = PBXFileSystemSynchronizedRootGroup;
			path = TidyWidgetTests;
			sourceTree = "<group>";
		};
		EF9914322D1BD72C00F26AA2 /* TidyWidgetUITests */ = {
			isa = PBXFileSystemSynchronizedRootGroup;
			path = TidyWidgetUITests;
			sourceTree = "<group>";
		};
/* End PBXFileSystemSynchronizedRootGroup section */

/* Begin PBXFrameworksBuildPhase section */
		EF7D3C652D2BCDF2005B5C0D /* Frameworks */ = {
			isa = PBXFrameworksBuildPhase;
			buildActionMask = 2147483647;
			files = (
				EF7D3C6D2D2BCDF2005B5C0D /* SwiftUI.framework in Frameworks */,
				EF7D3C6B2D2BCDF2005B5C0D /* WidgetKit.framework in Frameworks */,
			);
			runOnlyForDeploymentPostprocessing = 0;
		};
		EF7D3C8A2D2BCFE3005B5C0D /* Frameworks */ = {
			isa = PBXFrameworksBuildPhase;
			buildActionMask = 2147483647;
			files = (
			);
			runOnlyForDeploymentPostprocessing = 0;
		};
		EF7D3C932D2BCFE3005B5C0D /* Frameworks */ = {
			isa = PBXFrameworksBuildPhase;
			buildActionMask = 2147483647;
			files = (
				EF7D3C972D2BCFE3005B5C0D /* SharedKit.framework in Frameworks */,
			);
			runOnlyForDeploymentPostprocessing = 0;
		};
		EF9914122D1BD72A00F26AA2 /* Frameworks */ = {
			isa = PBXFrameworksBuildPhase;
			buildActionMask = 2147483647;
			files = (
				EF7D3CA22D2BCFE3005B5C0D /* SharedKit.framework in Frameworks */,
			);
			runOnlyForDeploymentPostprocessing = 0;
		};
		EF9914222D1BD72C00F26AA2 /* Frameworks */ = {
			isa = PBXFrameworksBuildPhase;
			buildActionMask = 2147483647;
			files = (
			);
			runOnlyForDeploymentPostprocessing = 0;
		};
		EF99142C2D1BD72C00F26AA2 /* Frameworks */ = {
			isa = PBXFrameworksBuildPhase;
			buildActionMask = 2147483647;
			files = (
			);
			runOnlyForDeploymentPostprocessing = 0;
		};
/* End PBXFrameworksBuildPhase section */

/* Begin PBXGroup section */
		EF7D3C612D2BCD06005B5C0D /* Models */ = {
			isa = PBXGroup;
			children = (
				EF7D3C632D2BCD3D005B5C0D /* DreamStore.swift */,
				EF7D3C622D2BCD1E005B5C0D /* DeamWidgetData.swift */,
			);
			path = Models;
			sourceTree = "<group>";
		};
		EF7D3C692D2BCDF2005B5C0D /* Frameworks */ = {
			isa = PBXGroup;
			children = (
				EF7D3C6A2D2BCDF2005B5C0D /* WidgetKit.framework */,
				EF7D3C6C2D2BCDF2005B5C0D /* SwiftUI.framework */,
			);
			name = Frameworks;
			sourceTree = "<group>";
		};
		EF99140C2D1BD72A00F26AA2 = {
			isa = PBXGroup;
			children = (
				EF7D3C612D2BCD06005B5C0D /* Models */,
				EF9914172D1BD72A00F26AA2 /* TidyWidget */,
				EF9914282D1BD72C00F26AA2 /* TidyWidgetTests */,
				EF9914322D1BD72C00F26AA2 /* TidyWidgetUITests */,
				EF7D3C6E2D2BCDF2005B5C0D /* TidyWidgetExtension */,
				EF7D3C8E2D2BCFE3005B5C0D /* SharedKit */,
				EF7D3C9C2D2BCFE3005B5C0D /* SharedKitTests */,
				EF7D3C692D2BCDF2005B5C0D /* Frameworks */,
				EF9914162D1BD72A00F26AA2 /* Products */,
			);
			sourceTree = "<group>";
		};
		EF9914162D1BD72A00F26AA2 /* Products */ = {
			isa = PBXGroup;
			children = (
				EF9914152D1BD72A00F26AA2 /* TidyWidget.app */,
				EF9914252D1BD72C00F26AA2 /* TidyWidgetTests.xctest */,
				EF99142F2D1BD72C00F26AA2 /* TidyWidgetUITests.xctest */,
				EF7D3C682D2BCDF2005B5C0D /* TidyWidgetExtensionExtension.appex */,
				EF7D3C8D2D2BCFE3005B5C0D /* SharedKit.framework */,
				EF7D3C962D2BCFE3005B5C0D /* SharedKitTests.xctest */,
			);
			name = Products;
			sourceTree = "<group>";
		};
/* End PBXGroup section */

/* Begin PBXHeadersBuildPhase section */
		EF7D3C882D2BCFE3005B5C0D /* Headers */ = {
			isa = PBXHeadersBuildPhase;
			buildActionMask = 2147483647;
			files = (
			);
			runOnlyForDeploymentPostprocessing = 0;
		};
/* End PBXHeadersBuildPhase section */

/* Begin PBXNativeTarget section */
		EF7D3C672D2BCDF2005B5C0D /* TidyWidgetExtensionExtension */ = {
			isa = PBXNativeTarget;
			buildConfigurationList = EF7D3C802D2BCDF4005B5C0D /* Build configuration list for PBXNativeTarget "TidyWidgetExtensionExtension" */;
			buildPhases = (
				EF7D3C642D2BCDF2005B5C0D /* Sources */,
				EF7D3C652D2BCDF2005B5C0D /* Frameworks */,
				EF7D3C662D2BCDF2005B5C0D /* Resources */,
			);
			buildRules = (
			);
			dependencies = (
			);
			fileSystemSynchronizedGroups = (
				EF7D3C6E2D2BCDF2005B5C0D /* TidyWidgetExtension */,
			);
			name = TidyWidgetExtensionExtension;
			packageProductDependencies = (
			);
			productName = TidyWidgetExtensionExtension;
			productReference = EF7D3C682D2BCDF2005B5C0D /* TidyWidgetExtensionExtension.appex */;
			productType = "com.apple.product-type.app-extension";
		};
		EF7D3C8C2D2BCFE3005B5C0D /* SharedKit */ = {
			isa = PBXNativeTarget;
			buildConfigurationList = EF7D3CA52D2BCFE3005B5C0D /* Build configuration list for PBXNativeTarget "SharedKit" */;
			buildPhases = (
				EF7D3C882D2BCFE3005B5C0D /* Headers */,
				EF7D3C892D2BCFE3005B5C0D /* Sources */,
				EF7D3C8A2D2BCFE3005B5C0D /* Frameworks */,
				EF7D3C8B2D2BCFE3005B5C0D /* Resources */,
			);
			buildRules = (
			);
			dependencies = (
			);
			fileSystemSynchronizedGroups = (
				EF7D3C8E2D2BCFE3005B5C0D /* SharedKit */,
			);
			name = SharedKit;
			packageProductDependencies = (
			);
			productName = SharedKit;
			productReference = EF7D3C8D2D2BCFE3005B5C0D /* SharedKit.framework */;
			productType = "com.apple.product-type.framework";
		};
		EF7D3C952D2BCFE3005B5C0D /* SharedKitTests */ = {
			isa = PBXNativeTarget;
			buildConfigurationList = EF7D3CA92D2BCFE3005B5C0D /* Build configuration list for PBXNativeTarget "SharedKitTests" */;
			buildPhases = (
				EF7D3C922D2BCFE3005B5C0D /* Sources */,
				EF7D3C932D2BCFE3005B5C0D /* Frameworks */,
				EF7D3C942D2BCFE3005B5C0D /* Resources */,
			);
			buildRules = (
			);
			dependencies = (
				EF7D3C992D2BCFE3005B5C0D /* PBXTargetDependency */,
				EF7D3C9B2D2BCFE3005B5C0D /* PBXTargetDependency */,
			);
			fileSystemSynchronizedGroups = (
				EF7D3C9C2D2BCFE3005B5C0D /* SharedKitTests */,
			);
			name = SharedKitTests;
			packageProductDependencies = (
			);
			productName = SharedKitTests;
			productReference = EF7D3C962D2BCFE3005B5C0D /* SharedKitTests.xctest */;
			productType = "com.apple.product-type.bundle.unit-test";
		};
		EF9914142D1BD72A00F26AA2 /* TidyWidget */ = {
			isa = PBXNativeTarget;
			buildConfigurationList = EF9914392D1BD72C00F26AA2 /* Build configuration list for PBXNativeTarget "TidyWidget" */;
			buildPhases = (
				EF9914112D1BD72A00F26AA2 /* Sources */,
				EF9914122D1BD72A00F26AA2 /* Frameworks */,
				EF9914132D1BD72A00F26AA2 /* Resources */,
				EF7D3C832D2BCDF4005B5C0D /* Embed Foundation Extensions */,
				EF7D3CA82D2BCFE3005B5C0D /* Embed Frameworks */,
			);
			buildRules = (
			);
			dependencies = (
				EF7D3C7D2D2BCDF4005B5C0D /* PBXTargetDependency */,
				EF7D3CA12D2BCFE3005B5C0D /* PBXTargetDependency */,
			);
			fileSystemSynchronizedGroups = (
				EF9914172D1BD72A00F26AA2 /* TidyWidget */,
			);
			name = TidyWidget;
			packageProductDependencies = (
			);
			productName = TidyWidget;
			productReference = EF9914152D1BD72A00F26AA2 /* TidyWidget.app */;
			productType = "com.apple.product-type.application";
		};
		EF9914242D1BD72C00F26AA2 /* TidyWidgetTests */ = {
			isa = PBXNativeTarget;
			buildConfigurationList = EF99143C2D1BD72C00F26AA2 /* Build configuration list for PBXNativeTarget "TidyWidgetTests" */;
			buildPhases = (
				EF9914212D1BD72C00F26AA2 /* Sources */,
				EF9914222D1BD72C00F26AA2 /* Frameworks */,
				EF9914232D1BD72C00F26AA2 /* Resources */,
			);
			buildRules = (
			);
			dependencies = (
				EF9914272D1BD72C00F26AA2 /* PBXTargetDependency */,
			);
			fileSystemSynchronizedGroups = (
				EF9914282D1BD72C00F26AA2 /* TidyWidgetTests */,
			);
			name = TidyWidgetTests;
			packageProductDependencies = (
			);
			productName = TidyWidgetTests;
			productReference = EF9914252D1BD72C00F26AA2 /* TidyWidgetTests.xctest */;
			productType = "com.apple.product-type.bundle.unit-test";
		};
		EF99142E2D1BD72C00F26AA2 /* TidyWidgetUITests */ = {
			isa = PBXNativeTarget;
			buildConfigurationList = EF99143F2D1BD72C00F26AA2 /* Build configuration list for PBXNativeTarget "TidyWidgetUITests" */;
			buildPhases = (
				EF99142B2D1BD72C00F26AA2 /* Sources */,
				EF99142C2D1BD72C00F26AA2 /* Frameworks */,
				EF99142D2D1BD72C00F26AA2 /* Resources */,
			);
			buildRules = (
			);
			dependencies = (
				EF9914312D1BD72C00F26AA2 /* PBXTargetDependency */,
			);
			fileSystemSynchronizedGroups = (
				EF9914322D1BD72C00F26AA2 /* TidyWidgetUITests */,
			);
			name = TidyWidgetUITests;
			packageProductDependencies = (
			);
			productName = TidyWidgetUITests;
			productReference = EF99142F2D1BD72C00F26AA2 /* TidyWidgetUITests.xctest */;
			productType = "com.apple.product-type.bundle.ui-testing";
		};
/* End PBXNativeTarget section */

/* Begin PBXProject section */
		EF99140D2D1BD72A00F26AA2 /* Project object */ = {
			isa = PBXProject;
			attributes = {
				BuildIndependentTargetsInParallel = 1;
				LastSwiftUpdateCheck = 1620;
				LastUpgradeCheck = 1620;
				TargetAttributes = {
					EF7D3C672D2BCDF2005B5C0D = {
						CreatedOnToolsVersion = 16.2;
					};
					EF7D3C8C2D2BCFE3005B5C0D = {
						CreatedOnToolsVersion = 16.2;
					};
					EF7D3C952D2BCFE3005B5C0D = {
						CreatedOnToolsVersion = 16.2;
						TestTargetID = EF9914142D1BD72A00F26AA2;
					};
					EF9914142D1BD72A00F26AA2 = {
						CreatedOnToolsVersion = 16.2;
					};
					EF9914242D1BD72C00F26AA2 = {
						CreatedOnToolsVersion = 16.2;
						TestTargetID = EF9914142D1BD72A00F26AA2;
					};
					EF99142E2D1BD72C00F26AA2 = {
						CreatedOnToolsVersion = 16.2;
						TestTargetID = EF9914142D1BD72A00F26AA2;
					};
				};
			};
			buildConfigurationList = EF9914102D1BD72A00F26AA2 /* Build configuration list for PBXProject "TidyWidget" */;
			developmentRegion = en;
			hasScannedForEncodings = 0;
			knownRegions = (
				en,
				Base,
			);
			mainGroup = EF99140C2D1BD72A00F26AA2;
			minimizedProjectReferenceProxies = 1;
			preferredProjectObjectVersion = 77;
			productRefGroup = EF9914162D1BD72A00F26AA2 /* Products */;
			projectDirPath = "";
			projectRoot = "";
			targets = (
				EF9914142D1BD72A00F26AA2 /* TidyWidget */,
				EF9914242D1BD72C00F26AA2 /* TidyWidgetTests */,
				EF99142E2D1BD72C00F26AA2 /* TidyWidgetUITests */,
				EF7D3C672D2BCDF2005B5C0D /* TidyWidgetExtensionExtension */,
				EF7D3C8C2D2BCFE3005B5C0D /* SharedKit */,
				EF7D3C952D2BCFE3005B5C0D /* SharedKitTests */,
			);
		};
/* End PBXProject section */

/* Begin PBXResourcesBuildPhase section */
		EF7D3C662D2BCDF2005B5C0D /* Resources */ = {
			isa = PBXResourcesBuildPhase;
			buildActionMask = 2147483647;
			files = (
			);
			runOnlyForDeploymentPostprocessing = 0;
		};
		EF7D3C8B2D2BCFE3005B5C0D /* Resources */ = {
			isa = PBXResourcesBuildPhase;
			buildActionMask = 2147483647;
			files = (
			);
			runOnlyForDeploymentPostprocessing = 0;
		};
		EF7D3C942D2BCFE3005B5C0D /* Resources */ = {
			isa = PBXResourcesBuildPhase;
			buildActionMask = 2147483647;
			files = (
			);
			runOnlyForDeploymentPostprocessing = 0;
		};
		EF9914132D1BD72A00F26AA2 /* Resources */ = {
			isa = PBXResourcesBuildPhase;
			buildActionMask = 2147483647;
			files = (
			);
			runOnlyForDeploymentPostprocessing = 0;
		};
		EF9914232D1BD72C00F26AA2 /* Resources */ = {
			isa = PBXResourcesBuildPhase;
			buildActionMask = 2147483647;
			files = (
			);
			runOnlyForDeploymentPostprocessing = 0;
		};
		EF99142D2D1BD72C00F26AA2 /* Resources */ = {
			isa = PBXResourcesBuildPhase;
			buildActionMask = 2147483647;
			files = (
			);
			runOnlyForDeploymentPostprocessing = 0;
		};
/* End PBXResourcesBuildPhase section */

/* Begin PBXSourcesBuildPhase section */
		EF7D3C642D2BCDF2005B5C0D /* Sources */ = {
			isa = PBXSourcesBuildPhase;
			buildActionMask = 2147483647;
			files = (
			);
			runOnlyForDeploymentPostprocessing = 0;
		};
		EF7D3C892D2BCFE3005B5C0D /* Sources */ = {
			isa = PBXSourcesBuildPhase;
			buildActionMask = 2147483647;
			files = (
			);
			runOnlyForDeploymentPostprocessing = 0;
		};
		EF7D3C922D2BCFE3005B5C0D /* Sources */ = {
			isa = PBXSourcesBuildPhase;
			buildActionMask = 2147483647;
			files = (
			);
			runOnlyForDeploymentPostprocessing = 0;
		};
		EF9914112D1BD72A00F26AA2 /* Sources */ = {
			isa = PBXSourcesBuildPhase;
			buildActionMask = 2147483647;
			files = (
			);
			runOnlyForDeploymentPostprocessing = 0;
		};
		EF9914212D1BD72C00F26AA2 /* Sources */ = {
			isa = PBXSourcesBuildPhase;
			buildActionMask = 2147483647;
			files = (
			);
			runOnlyForDeploymentPostprocessing = 0;
		};
		EF99142B2D1BD72C00F26AA2 /* Sources */ = {
			isa = PBXSourcesBuildPhase;
			buildActionMask = 2147483647;
			files = (
			);
			runOnlyForDeploymentPostprocessing = 0;
		};
/* End PBXSourcesBuildPhase section */

/* Begin PBXTargetDependency section */
		EF7D3C7D2D2BCDF4005B5C0D /* PBXTargetDependency */ = {
			isa = PBXTargetDependency;
			target = EF7D3C672D2BCDF2005B5C0D /* TidyWidgetExtensionExtension */;
			targetProxy = EF7D3C7C2D2BCDF4005B5C0D /* PBXContainerItemProxy */;
		};
		EF7D3C992D2BCFE3005B5C0D /* PBXTargetDependency */ = {
			isa = PBXTargetDependency;
			target = EF7D3C8C2D2BCFE3005B5C0D /* SharedKit */;
			targetProxy = EF7D3C982D2BCFE3005B5C0D /* PBXContainerItemProxy */;
		};
		EF7D3C9B2D2BCFE3005B5C0D /* PBXTargetDependency */ = {
			isa = PBXTargetDependency;
			target = EF9914142D1BD72A00F26AA2 /* TidyWidget */;
			targetProxy = EF7D3C9A2D2BCFE3005B5C0D /* PBXContainerItemProxy */;
		};
		EF7D3CA12D2BCFE3005B5C0D /* PBXTargetDependency */ = {
			isa = PBXTargetDependency;
			target = EF7D3C8C2D2BCFE3005B5C0D /* SharedKit */;
			targetProxy = EF7D3CA02D2BCFE3005B5C0D /* PBXContainerItemProxy */;
		};
		EF9914272D1BD72C00F26AA2 /* PBXTargetDependency */ = {
			isa = PBXTargetDependency;
			target = EF9914142D1BD72A00F26AA2 /* TidyWidget */;
			targetProxy = EF9914262D1BD72C00F26AA2 /* PBXContainerItemProxy */;
		};
		EF9914312D1BD72C00F26AA2 /* PBXTargetDependency */ = {
			isa = PBXTargetDependency;
			target = EF9914142D1BD72A00F26AA2 /* TidyWidget */;
			targetProxy = EF9914302D1BD72C00F26AA2 /* PBXContainerItemProxy */;
		};
/* End PBXTargetDependency section */

/* Begin XCBuildConfiguration section */
		EF7D3C812D2BCDF4005B5C0D /* Debug */ = {
			isa = XCBuildConfiguration;
			buildSettings = {
				ASSETCATALOG_COMPILER_GLOBAL_ACCENT_COLOR_NAME = AccentColor;
				ASSETCATALOG_COMPILER_WIDGET_BACKGROUND_COLOR_NAME = WidgetBackground;
				CODE_SIGN_STYLE = Automatic;
				CURRENT_PROJECT_VERSION = 1;
				GENERATE_INFOPLIST_FILE = YES;
				INFOPLIST_FILE = TidyWidgetExtension/Info.plist;
				INFOPLIST_KEY_CFBundleDisplayName = TidyWidgetExtension;
				INFOPLIST_KEY_NSHumanReadableCopyright = "";
				LD_RUNPATH_SEARCH_PATHS = (
					"$(inherited)",
					"@executable_path/Frameworks",
					"@executable_path/../../Frameworks",
				);
				MARKETING_VERSION = 1.0;
				PRODUCT_BUNDLE_IDENTIFIER = nesslijin.TidyWidget.TidyWidgetExtension;
				PRODUCT_NAME = "$(TARGET_NAME)";
				SKIP_INSTALL = YES;
				SWIFT_EMIT_LOC_STRINGS = YES;
				SWIFT_VERSION = 5.0;
				TARGETED_DEVICE_FAMILY = "1,2";
			};
			name = Debug;
		};
		EF7D3C822D2BCDF4005B5C0D /* Release */ = {
			isa = XCBuildConfiguration;
			buildSettings = {
				ASSETCATALOG_COMPILER_GLOBAL_ACCENT_COLOR_NAME = AccentColor;
				ASSETCATALOG_COMPILER_WIDGET_BACKGROUND_COLOR_NAME = WidgetBackground;
				CODE_SIGN_STYLE = Automatic;
				CURRENT_PROJECT_VERSION = 1;
				GENERATE_INFOPLIST_FILE = YES;
				INFOPLIST_FILE = TidyWidgetExtension/Info.plist;
				INFOPLIST_KEY_CFBundleDisplayName = TidyWidgetExtension;
				INFOPLIST_KEY_NSHumanReadableCopyright = "";
				LD_RUNPATH_SEARCH_PATHS = (
					"$(inherited)",
					"@executable_path/Frameworks",
					"@executable_path/../../Frameworks",
				);
				MARKETING_VERSION = 1.0;
				PRODUCT_BUNDLE_IDENTIFIER = nesslijin.TidyWidget.TidyWidgetExtension;
				PRODUCT_NAME = "$(TARGET_NAME)";
				SKIP_INSTALL = YES;
				SWIFT_EMIT_LOC_STRINGS = YES;
				SWIFT_VERSION = 5.0;
				TARGETED_DEVICE_FAMILY = "1,2";
			};
			name = Release;
		};
		EF7D3CA62D2BCFE3005B5C0D /* Debug */ = {
			isa = XCBuildConfiguration;
			buildSettings = {
				BUILD_LIBRARY_FOR_DISTRIBUTION = YES;
				CODE_SIGN_STYLE = Automatic;
				CURRENT_PROJECT_VERSION = 1;
				DEFINES_MODULE = YES;
				DYLIB_COMPATIBILITY_VERSION = 1;
				DYLIB_CURRENT_VERSION = 1;
				DYLIB_INSTALL_NAME_BASE = "@rpath";
				ENABLE_MODULE_VERIFIER = YES;
				GENERATE_INFOPLIST_FILE = YES;
				INFOPLIST_KEY_NSHumanReadableCopyright = "";
				INSTALL_PATH = "$(LOCAL_LIBRARY_DIR)/Frameworks";
				LD_RUNPATH_SEARCH_PATHS = (
					"$(inherited)",
					"@executable_path/Frameworks",
					"@loader_path/Frameworks",
				);
				MARKETING_VERSION = 1.0;
				MODULE_VERIFIER_SUPPORTED_LANGUAGES = "objective-c objective-c++";
				MODULE_VERIFIER_SUPPORTED_LANGUAGE_STANDARDS = "gnu17 gnu++20";
				PRODUCT_BUNDLE_IDENTIFIER = nesslijin.TidyWidget.SharedKit;
				PRODUCT_NAME = "$(TARGET_NAME:c99extidentifier)";
				SKIP_INSTALL = YES;
				SWIFT_EMIT_LOC_STRINGS = YES;
				SWIFT_INSTALL_OBJC_HEADER = NO;
				SWIFT_VERSION = 5.0;
				TARGETED_DEVICE_FAMILY = "1,2";
				VERSIONING_SYSTEM = "apple-generic";
				VERSION_INFO_PREFIX = "";
			};
			name = Debug;
		};
		EF7D3CA72D2BCFE3005B5C0D /* Release */ = {
			isa = XCBuildConfiguration;
			buildSettings = {
				BUILD_LIBRARY_FOR_DISTRIBUTION = YES;
				CODE_SIGN_STYLE = Automatic;
				CURRENT_PROJECT_VERSION = 1;
				DEFINES_MODULE = YES;
				DYLIB_COMPATIBILITY_VERSION = 1;
				DYLIB_CURRENT_VERSION = 1;
				DYLIB_INSTALL_NAME_BASE = "@rpath";
				ENABLE_MODULE_VERIFIER = YES;
				GENERATE_INFOPLIST_FILE = YES;
				INFOPLIST_KEY_NSHumanReadableCopyright = "";
				INSTALL_PATH = "$(LOCAL_LIBRARY_DIR)/Frameworks";
				LD_RUNPATH_SEARCH_PATHS = (
					"$(inherited)",
					"@executable_path/Frameworks",
					"@loader_path/Frameworks",
				);
				MARKETING_VERSION = 1.0;
				MODULE_VERIFIER_SUPPORTED_LANGUAGES = "objective-c objective-c++";
				MODULE_VERIFIER_SUPPORTED_LANGUAGE_STANDARDS = "gnu17 gnu++20";
				PRODUCT_BUNDLE_IDENTIFIER = nesslijin.TidyWidget.SharedKit;
				PRODUCT_NAME = "$(TARGET_NAME:c99extidentifier)";
				SKIP_INSTALL = YES;
				SWIFT_EMIT_LOC_STRINGS = YES;
				SWIFT_INSTALL_OBJC_HEADER = NO;
				SWIFT_VERSION = 5.0;
				TARGETED_DEVICE_FAMILY = "1,2";
				VERSIONING_SYSTEM = "apple-generic";
				VERSION_INFO_PREFIX = "";
			};
			name = Release;
		};
		EF7D3CAA2D2BCFE3005B5C0D /* Debug */ = {
			isa = XCBuildConfiguration;
			buildSettings = {
				CODE_SIGN_STYLE = Automatic;
				CURRENT_PROJECT_VERSION = 1;
				GENERATE_INFOPLIST_FILE = YES;
				MARKETING_VERSION = 1.0;
				PRODUCT_BUNDLE_IDENTIFIER = nesslijin.TidyWidget.SharedKitTests;
				PRODUCT_NAME = "$(TARGET_NAME)";
				SWIFT_EMIT_LOC_STRINGS = NO;
				SWIFT_VERSION = 5.0;
				TARGETED_DEVICE_FAMILY = "1,2";
				TEST_HOST = "$(BUILT_PRODUCTS_DIR)/TidyWidget.app/$(BUNDLE_EXECUTABLE_FOLDER_PATH)/TidyWidget";
			};
			name = Debug;
		};
		EF7D3CAB2D2BCFE3005B5C0D /* Release */ = {
			isa = XCBuildConfiguration;
			buildSettings = {
				CODE_SIGN_STYLE = Automatic;
				CURRENT_PROJECT_VERSION = 1;
				GENERATE_INFOPLIST_FILE = YES;
				MARKETING_VERSION = 1.0;
				PRODUCT_BUNDLE_IDENTIFIER = nesslijin.TidyWidget.SharedKitTests;
				PRODUCT_NAME = "$(TARGET_NAME)";
				SWIFT_EMIT_LOC_STRINGS = NO;
				SWIFT_VERSION = 5.0;
				TARGETED_DEVICE_FAMILY = "1,2";
				TEST_HOST = "$(BUILT_PRODUCTS_DIR)/TidyWidget.app/$(BUNDLE_EXECUTABLE_FOLDER_PATH)/TidyWidget";
			};
			name = Release;
		};
		EF9914372D1BD72C00F26AA2 /* Debug */ = {
			isa = XCBuildConfiguration;
			buildSettings = {
				ALWAYS_SEARCH_USER_PATHS = NO;
				ASSETCATALOG_COMPILER_GENERATE_SWIFT_ASSET_SYMBOL_EXTENSIONS = YES;
				CLANG_ANALYZER_NONNULL = YES;
				CLANG_ANALYZER_NUMBER_OBJECT_CONVERSION = YES_AGGRESSIVE;
				CLANG_CXX_LANGUAGE_STANDARD = "gnu++20";
				CLANG_ENABLE_MODULES = YES;
				CLANG_ENABLE_OBJC_ARC = YES;
				CLANG_ENABLE_OBJC_WEAK = YES;
				CLANG_WARN_BLOCK_CAPTURE_AUTORELEASING = YES;
				CLANG_WARN_BOOL_CONVERSION = YES;
				CLANG_WARN_COMMA = YES;
				CLANG_WARN_CONSTANT_CONVERSION = YES;
				CLANG_WARN_DEPRECATED_OBJC_IMPLEMENTATIONS = YES;
				CLANG_WARN_DIRECT_OBJC_ISA_USAGE = YES_ERROR;
				CLANG_WARN_DOCUMENTATION_COMMENTS = YES;
				CLANG_WARN_EMPTY_BODY = YES;
				CLANG_WARN_ENUM_CONVERSION = YES;
				CLANG_WARN_INFINITE_RECURSION = YES;
				CLANG_WARN_INT_CONVERSION = YES;
				CLANG_WARN_NON_LITERAL_NULL_CONVERSION = YES;
				CLANG_WARN_OBJC_IMPLICIT_RETAIN_SELF = YES;
				CLANG_WARN_OBJC_LITERAL_CONVERSION = YES;
				CLANG_WARN_OBJC_ROOT_CLASS = YES_ERROR;
				CLANG_WARN_QUOTED_INCLUDE_IN_FRAMEWORK_HEADER = YES;
				CLANG_WARN_RANGE_LOOP_ANALYSIS = YES;
				CLANG_WARN_STRICT_PROTOTYPES = YES;
				CLANG_WARN_SUSPICIOUS_MOVE = YES;
				CLANG_WARN_UNGUARDED_AVAILABILITY = YES_AGGRESSIVE;
				CLANG_WARN_UNREACHABLE_CODE = YES;
				CLANG_WARN__DUPLICATE_METHOD_MATCH = YES;
				COPY_PHASE_STRIP = NO;
				DEBUG_INFORMATION_FORMAT = dwarf;
				ENABLE_STRICT_OBJC_MSGSEND = YES;
				ENABLE_TESTABILITY = YES;
				ENABLE_USER_SCRIPT_SANDBOXING = YES;
				GCC_C_LANGUAGE_STANDARD = gnu17;
				GCC_DYNAMIC_NO_PIC = NO;
				GCC_NO_COMMON_BLOCKS = YES;
				GCC_OPTIMIZATION_LEVEL = 0;
				GCC_PREPROCESSOR_DEFINITIONS = (
					"DEBUG=1",
					"$(inherited)",
				);
				GCC_WARN_64_TO_32_BIT_CONVERSION = YES;
				GCC_WARN_ABOUT_RETURN_TYPE = YES_ERROR;
				GCC_WARN_UNDECLARED_SELECTOR = YES;
				GCC_WARN_UNINITIALIZED_AUTOS = YES_AGGRESSIVE;
				GCC_WARN_UNUSED_FUNCTION = YES;
				GCC_WARN_UNUSED_VARIABLE = YES;
				IPHONEOS_DEPLOYMENT_TARGET = 18.2;
				LOCALIZATION_PREFERS_STRING_CATALOGS = YES;
				MTL_ENABLE_DEBUG_INFO = INCLUDE_SOURCE;
				MTL_FAST_MATH = YES;
				ONLY_ACTIVE_ARCH = YES;
				SDKROOT = iphoneos;
				SWIFT_ACTIVE_COMPILATION_CONDITIONS = "DEBUG $(inherited)";
				SWIFT_OPTIMIZATION_LEVEL = "-Onone";
			};
			name = Debug;
		};
		EF9914382D1BD72C00F26AA2 /* Release */ = {
			isa = XCBuildConfiguration;
			buildSettings = {
				ALWAYS_SEARCH_USER_PATHS = NO;
				ASSETCATALOG_COMPILER_GENERATE_SWIFT_ASSET_SYMBOL_EXTENSIONS = YES;
				CLANG_ANALYZER_NONNULL = YES;
				CLANG_ANALYZER_NUMBER_OBJECT_CONVERSION = YES_AGGRESSIVE;
				CLANG_CXX_LANGUAGE_STANDARD = "gnu++20";
				CLANG_ENABLE_MODULES = YES;
				CLANG_ENABLE_OBJC_ARC = YES;
				CLANG_ENABLE_OBJC_WEAK = YES;
				CLANG_WARN_BLOCK_CAPTURE_AUTORELEASING = YES;
				CLANG_WARN_BOOL_CONVERSION = YES;
				CLANG_WARN_COMMA = YES;
				CLANG_WARN_CONSTANT_CONVERSION = YES;
				CLANG_WARN_DEPRECATED_OBJC_IMPLEMENTATIONS = YES;
				CLANG_WARN_DIRECT_OBJC_ISA_USAGE = YES_ERROR;
				CLANG_WARN_DOCUMENTATION_COMMENTS = YES;
				CLANG_WARN_EMPTY_BODY = YES;
				CLANG_WARN_ENUM_CONVERSION = YES;
				CLANG_WARN_INFINITE_RECURSION = YES;
				CLANG_WARN_INT_CONVERSION = YES;
				CLANG_WARN_NON_LITERAL_NULL_CONVERSION = YES;
				CLANG_WARN_OBJC_IMPLICIT_RETAIN_SELF = YES;
				CLANG_WARN_OBJC_LITERAL_CONVERSION = YES;
				CLANG_WARN_OBJC_ROOT_CLASS = YES_ERROR;
				CLANG_WARN_QUOTED_INCLUDE_IN_FRAMEWORK_HEADER = YES;
				CLANG_WARN_RANGE_LOOP_ANALYSIS = YES;
				CLANG_WARN_STRICT_PROTOTYPES = YES;
				CLANG_WARN_SUSPICIOUS_MOVE = YES;
				CLANG_WARN_UNGUARDED_AVAILABILITY = YES_AGGRESSIVE;
				CLANG_WARN_UNREACHABLE_CODE = YES;
				CLANG_WARN__DUPLICATE_METHOD_MATCH = YES;
				COPY_PHASE_STRIP = NO;
				DEBUG_INFORMATION_FORMAT = "dwarf-with-dsym";
				ENABLE_NS_ASSERTIONS = NO;
				ENABLE_STRICT_OBJC_MSGSEND = YES;
				ENABLE_USER_SCRIPT_SANDBOXING = YES;
				GCC_C_LANGUAGE_STANDARD = gnu17;
				GCC_NO_COMMON_BLOCKS = YES;
				GCC_WARN_64_TO_32_BIT_CONVERSION = YES;
				GCC_WARN_ABOUT_RETURN_TYPE = YES_ERROR;
				GCC_WARN_UNDECLARED_SELECTOR = YES;
				GCC_WARN_UNINITIALIZED_AUTOS = YES_AGGRESSIVE;
				GCC_WARN_UNUSED_FUNCTION = YES;
				GCC_WARN_UNUSED_VARIABLE = YES;
				IPHONEOS_DEPLOYMENT_TARGET = 18.2;
				LOCALIZATION_PREFERS_STRING_CATALOGS = YES;
				MTL_ENABLE_DEBUG_INFO = NO;
				MTL_FAST_MATH = YES;
				SDKROOT = iphoneos;
				SWIFT_COMPILATION_MODE = wholemodule;
				VALIDATE_PRODUCT = YES;
			};
			name = Release;
		};
		EF99143A2D1BD72C00F26AA2 /* Debug */ = {
			isa = XCBuildConfiguration;
			buildSettings = {
				ASSETCATALOG_COMPILER_APPICON_NAME = AppIcon;
				ASSETCATALOG_COMPILER_GLOBAL_ACCENT_COLOR_NAME = AccentColor;
				CODE_SIGN_STYLE = Automatic;
				CURRENT_PROJECT_VERSION = 1;
				DEVELOPMENT_ASSET_PATHS = "\"TidyWidget/Preview Content\"";
				ENABLE_PREVIEWS = YES;
				GENERATE_INFOPLIST_FILE = YES;
				INFOPLIST_KEY_UIApplicationSceneManifest_Generation = YES;
				INFOPLIST_KEY_UIApplicationSupportsIndirectInputEvents = YES;
				INFOPLIST_KEY_UILaunchScreen_Generation = YES;
				INFOPLIST_KEY_UISupportedInterfaceOrientations_iPad = "UIInterfaceOrientationPortrait UIInterfaceOrientationPortraitUpsideDown UIInterfaceOrientationLandscapeLeft UIInterfaceOrientationLandscapeRight";
				INFOPLIST_KEY_UISupportedInterfaceOrientations_iPhone = "UIInterfaceOrientationPortrait UIInterfaceOrientationLandscapeLeft UIInterfaceOrientationLandscapeRight";
				LD_RUNPATH_SEARCH_PATHS = (
					"$(inherited)",
					"@executable_path/Frameworks",
				);
				MARKETING_VERSION = 1.0;
				PRODUCT_BUNDLE_IDENTIFIER = nesslijin.TidyWidget;
				PRODUCT_NAME = "$(TARGET_NAME)";
				SWIFT_EMIT_LOC_STRINGS = YES;
				SWIFT_VERSION = 5.0;
				TARGETED_DEVICE_FAMILY = "1,2";
			};
			name = Debug;
		};
		EF99143B2D1BD72C00F26AA2 /* Release */ = {
			isa = XCBuildConfiguration;
			buildSettings = {
				ASSETCATALOG_COMPILER_APPICON_NAME = AppIcon;
				ASSETCATALOG_COMPILER_GLOBAL_ACCENT_COLOR_NAME = AccentColor;
				CODE_SIGN_STYLE = Automatic;
				CURRENT_PROJECT_VERSION = 1;
				DEVELOPMENT_ASSET_PATHS = "\"TidyWidget/Preview Content\"";
				ENABLE_PREVIEWS = YES;
				GENERATE_INFOPLIST_FILE = YES;
				INFOPLIST_KEY_UIApplicationSceneManifest_Generation = YES;
				INFOPLIST_KEY_UIApplicationSupportsIndirectInputEvents = YES;
				INFOPLIST_KEY_UILaunchScreen_Generation = YES;
				INFOPLIST_KEY_UISupportedInterfaceOrientations_iPad = "UIInterfaceOrientationPortrait UIInterfaceOrientationPortraitUpsideDown UIInterfaceOrientationLandscapeLeft UIInterfaceOrientationLandscapeRight";
				INFOPLIST_KEY_UISupportedInterfaceOrientations_iPhone = "UIInterfaceOrientationPortrait UIInterfaceOrientationLandscapeLeft UIInterfaceOrientationLandscapeRight";
				LD_RUNPATH_SEARCH_PATHS = (
					"$(inherited)",
					"@executable_path/Frameworks",
				);
				MARKETING_VERSION = 1.0;
				PRODUCT_BUNDLE_IDENTIFIER = nesslijin.TidyWidget;
				PRODUCT_NAME = "$(TARGET_NAME)";
				SWIFT_EMIT_LOC_STRINGS = YES;
				SWIFT_VERSION = 5.0;
				TARGETED_DEVICE_FAMILY = "1,2";
			};
			name = Release;
		};
		EF99143D2D1BD72C00F26AA2 /* Debug */ = {
			isa = XCBuildConfiguration;
			buildSettings = {
				BUNDLE_LOADER = "$(TEST_HOST)";
				CODE_SIGN_STYLE = Automatic;
				CURRENT_PROJECT_VERSION = 1;
				GENERATE_INFOPLIST_FILE = YES;
				IPHONEOS_DEPLOYMENT_TARGET = 18.2;
				MARKETING_VERSION = 1.0;
				PRODUCT_BUNDLE_IDENTIFIER = nesslijin.TidyWidgetTests;
				PRODUCT_NAME = "$(TARGET_NAME)";
				SWIFT_EMIT_LOC_STRINGS = NO;
				SWIFT_VERSION = 5.0;
				TARGETED_DEVICE_FAMILY = "1,2";
				TEST_HOST = "$(BUILT_PRODUCTS_DIR)/TidyWidget.app/$(BUNDLE_EXECUTABLE_FOLDER_PATH)/TidyWidget";
			};
			name = Debug;
		};
		EF99143E2D1BD72C00F26AA2 /* Release */ = {
			isa = XCBuildConfiguration;
			buildSettings = {
				BUNDLE_LOADER = "$(TEST_HOST)";
				CODE_SIGN_STYLE = Automatic;
				CURRENT_PROJECT_VERSION = 1;
				GENERATE_INFOPLIST_FILE = YES;
				IPHONEOS_DEPLOYMENT_TARGET = 18.2;
				MARKETING_VERSION = 1.0;
				PRODUCT_BUNDLE_IDENTIFIER = nesslijin.TidyWidgetTests;
				PRODUCT_NAME = "$(TARGET_NAME)";
				SWIFT_EMIT_LOC_STRINGS = NO;
				SWIFT_VERSION = 5.0;
				TARGETED_DEVICE_FAMILY = "1,2";
				TEST_HOST = "$(BUILT_PRODUCTS_DIR)/TidyWidget.app/$(BUNDLE_EXECUTABLE_FOLDER_PATH)/TidyWidget";
			};
			name = Release;
		};
		EF9914402D1BD72C00F26AA2 /* Debug */ = {
			isa = XCBuildConfiguration;
			buildSettings = {
				CODE_SIGN_STYLE = Automatic;
				CURRENT_PROJECT_VERSION = 1;
				GENERATE_INFOPLIST_FILE = YES;
				MARKETING_VERSION = 1.0;
				PRODUCT_BUNDLE_IDENTIFIER = nesslijin.TidyWidgetUITests;
				PRODUCT_NAME = "$(TARGET_NAME)";
				SWIFT_EMIT_LOC_STRINGS = NO;
				SWIFT_VERSION = 5.0;
				TARGETED_DEVICE_FAMILY = "1,2";
				TEST_TARGET_NAME = TidyWidget;
			};
			name = Debug;
		};
		EF9914412D1BD72C00F26AA2 /* Release */ = {
			isa = XCBuildConfiguration;
			buildSettings = {
				CODE_SIGN_STYLE = Automatic;
				CURRENT_PROJECT_VERSION = 1;
				GENERATE_INFOPLIST_FILE = YES;
				MARKETING_VERSION = 1.0;
				PRODUCT_BUNDLE_IDENTIFIER = nesslijin.TidyWidgetUITests;
				PRODUCT_NAME = "$(TARGET_NAME)";
				SWIFT_EMIT_LOC_STRINGS = NO;
				SWIFT_VERSION = 5.0;
				TARGETED_DEVICE_FAMILY = "1,2";
				TEST_TARGET_NAME = TidyWidget;
			};
			name = Release;
		};
/* End XCBuildConfiguration section */

/* Begin XCConfigurationList section */
		EF7D3C802D2BCDF4005B5C0D /* Build configuration list for PBXNativeTarget "TidyWidgetExtensionExtension" */ = {
			isa = XCConfigurationList;
			buildConfigurations = (
				EF7D3C812D2BCDF4005B5C0D /* Debug */,
				EF7D3C822D2BCDF4005B5C0D /* Release */,
			);
			defaultConfigurationIsVisible = 0;
			defaultConfigurationName = Release;
		};
		EF7D3CA52D2BCFE3005B5C0D /* Build configuration list for PBXNativeTarget "SharedKit" */ = {
			isa = XCConfigurationList;
			buildConfigurations = (
				EF7D3CA62D2BCFE3005B5C0D /* Debug */,
				EF7D3CA72D2BCFE3005B5C0D /* Release */,
			);
			defaultConfigurationIsVisible = 0;
			defaultConfigurationName = Release;
		};
		EF7D3CA92D2BCFE3005B5C0D /* Build configuration list for PBXNativeTarget "SharedKitTests" */ = {
			isa = XCConfigurationList;
			buildConfigurations = (
				EF7D3CAA2D2BCFE3005B5C0D /* Debug */,
				EF7D3CAB2D2BCFE3005B5C0D /* Release */,
			);
			defaultConfigurationIsVisible = 0;
			defaultConfigurationName = Release;
		};
		EF9914102D1BD72A00F26AA2 /* Build configuration list for PBXProject "TidyWidget" */ = {
			isa = XCConfigurationList;
			buildConfigurations = (
				EF9914372D1BD72C00F26AA2 /* Debug */,
				EF9914382D1BD72C00F26AA2 /* Release */,
			);
			defaultConfigurationIsVisible = 0;
			defaultConfigurationName = Release;
		};
		EF9914392D1BD72C00F26AA2 /* Build configuration list for PBXNativeTarget "TidyWidget" */ = {
			isa = XCConfigurationList;
			buildConfigurations = (
				EF99143A2D1BD72C00F26AA2 /* Debug */,
				EF99143B2D1BD72C00F26AA2 /* Release */,
			);
			defaultConfigurationIsVisible = 0;
			defaultConfigurationName = Release;
		};
		EF99143C2D1BD72C00F26AA2 /* Build configuration list for PBXNativeTarget "TidyWidgetTests" */ = {
			isa = XCConfigurationList;
			buildConfigurations = (
				EF99143D2D1BD72C00F26AA2 /* Debug */,
				EF99143E2D1BD72C00F26AA2 /* Release */,
			);
			defaultConfigurationIsVisible = 0;
			defaultConfigurationName = Release;
		};
		EF99143F2D1BD72C00F26AA2 /* Build configuration list for PBXNativeTarget "TidyWidgetUITests" */ = {
			isa = XCConfigurationList;
			buildConfigurations = (
				EF9914402D1BD72C00F26AA2 /* Debug */,
				EF9914412D1BD72C00F26AA2 /* Release */,
			);
			defaultConfigurationIsVisible = 0;
			defaultConfigurationName = Release;
		};
/* End XCConfigurationList section */
	};
	rootObject = EF99140D2D1BD72A00F26AA2 /* Project object */;
}
